schema: '2.0'
stages:
  clean:
    cmd: python scripts/clean.py
    deps:
    - path: data/raw/events.csv
      hash: md5
      md5: 431ff8b1e99f6c5ac0a423d9e37ac2a9
      size: 73240
    - path: scripts/clean.py
      hash: md5
      md5: 4e3227a9736eb6930181aa0e2dda71ba
      size: 1137
    outs:
    - path: data/clean/events.csv
      hash: md5
      md5: 03c9b2a3bd61ab2115fec495678fc85b
      size: 58346
  transform:
    cmd: python scripts/transform.py
    deps:
    - path: data/clean/events.csv
      hash: md5
      md5: 03c9b2a3bd61ab2115fec495678fc85b
      size: 58346
    - path: scripts/transform.py
      hash: md5
      md5: 101e29c66589d92f95c2132a7e6acb57
      size: 393
    outs:
    - path: data/transformed/events.csv
      hash: md5
      md5: e898c0de7b81628d6f066a8b9a20cde1
      size: 76259
  features:
    cmd: python scripts/features.py
    deps:
    - path: data/transformed/events.csv
      hash: md5
      md5: e898c0de7b81628d6f066a8b9a20cde1
      size: 76259
    - path: scripts/features.py
      hash: md5
      md5: c664946481e8a87abd72c81509ef2a5e
      size: 441
    outs:
    - path: data/features/events.csv
      hash: md5
      md5: c85b813757bb0b93a767d5ef1130be78
      size: 112626
